
Microsoft Visual Studio Solution File, Format Version 12.00
Project("{FAE04EC0-301F-11D3-BF4B-00C04F79EFBC}") = "Tivoli.DAL", "Tivoli.DAL\Tivoli.DAL.csproj", "{CC6978CC-6CE7-468A-B416-8D8A2C71510A}"
EndProject
Project("{FAE04EC0-301F-11D3-BF4B-00C04F79EFBC}") = "Tivoli.AdminApi", "Tivoli.AdminApi\Tivoli.AdminApi.csproj", "{49122DB1-D56A-45BD-AE73-C10A507DBD2B}"
EndProject
Project("{FAE04EC0-301F-11D3-BF4B-00C04F79EFBC}") = "Tivoli.Dal.Tests", "Tivoli.Dal.Tests\Tivoli.Dal.Tests.csproj", "{D2A6E908-F8F1-4393-9598-732221461223}"
EndProject
Project("{FAE04EC0-301F-11D3-BF4B-00C04F79EFBC}") = "Tivoli.CustomerApi", "Tivoli.CustomerApi\Tivoli.CustomerApi.csproj", "{31F761BB-63D1-4A4C-BFFA-35E2B04EBBB8}"
EndProject
Project("{FAE04EC0-301F-11D3-BF4B-00C04F79EFBC}") = "Tivoli.BLL", "Tivoli.BLL\Tivoli.BLL.csproj", "{D68FB97B-E8EC-445D-BCC9-E763E453B02B}"
EndProject
Project("{2150E333-8FDC-42A3-9474-1A3956D46DE8}") = "Tests", "Tests", "{11C725B0-5994-4446-A82A-58FE79016A21}"
EndProject
Project("{FAE04EC0-301F-11D3-BF4B-00C04F79EFBC}") = "Tivoli.AdminApi.Tests", "Tivoli.AdminApi.Tests\Tivoli.AdminApi.Tests.csproj", "{1CB2BD9C-1A36-40C2-B519-E935726AAD14}"
EndProject
Project("{FAE04EC0-301F-11D3-BF4B-00C04F79EFBC}") = "Tivoli.CustomerApi.Tests", "Tivoli.CustomerApi.Tests\Tivoli.CustomerApi.Tests.csproj", "{0F8DF7AB-3BA8-4E1D-92AA-89A2CD227405}"
EndProject
Global
	GlobalSection(SolutionConfigurationPlatforms) = preSolution
		Debug|Any CPU = Debug|Any CPU
		Release|Any CPU = Release|Any CPU
	EndGlobalSection
	GlobalSection(ProjectConfigurationPlatforms) = postSolution
		{CC6978CC-6CE7-468A-B416-8D8A2C71510A}.Debug|Any CPU.ActiveCfg = Debug|Any CPU
		{CC6978CC-6CE7-468A-B416-8D8A2C71510A}.Debug|Any CPU.Build.0 = Debug|Any CPU
		{CC6978CC-6CE7-468A-B416-8D8A2C71510A}.Release|Any CPU.ActiveCfg = Release|Any CPU
		{CC6978CC-6CE7-468A-B416-8D8A2C71510A}.Release|Any CPU.Build.0 = Release|Any CPU
		{49122DB1-D56A-45BD-AE73-C10A507DBD2B}.Debug|Any CPU.ActiveCfg = Debug|Any CPU
		{49122DB1-D56A-45BD-AE73-C10A507DBD2B}.Debug|Any CPU.Build.0 = Debug|Any CPU
		{49122DB1-D56A-45BD-AE73-C10A507DBD2B}.Release|Any CPU.ActiveCfg = Release|Any CPU
		{49122DB1-D56A-45BD-AE73-C10A507DBD2B}.Release|Any CPU.Build.0 = Release|Any CPU
		{D2A6E908-F8F1-4393-9598-732221461223}.Debug|Any CPU.ActiveCfg = Debug|Any CPU
		{D2A6E908-F8F1-4393-9598-732221461223}.Debug|Any CPU.Build.0 = Debug|Any CPU
		{D2A6E908-F8F1-4393-9598-732221461223}.Release|Any CPU.ActiveCfg = Release|Any CPU
		{D2A6E908-F8F1-4393-9598-732221461223}.Release|Any CPU.Build.0 = Release|Any CPU
		{31F761BB-63D1-4A4C-BFFA-35E2B04EBBB8}.Debug|Any CPU.ActiveCfg = Debug|Any CPU
		{31F761BB-63D1-4A4C-BFFA-35E2B04EBBB8}.Debug|Any CPU.Build.0 = Debug|Any CPU
		{31F761BB-63D1-4A4C-BFFA-35E2B04EBBB8}.Release|Any CPU.ActiveCfg = Release|Any CPU
		{31F761BB-63D1-4A4C-BFFA-35E2B04EBBB8}.Release|Any CPU.Build.0 = Release|Any CPU
		{D68FB97B-E8EC-445D-BCC9-E763E453B02B}.Debug|Any CPU.ActiveCfg = Debug|Any CPU
		{D68FB97B-E8EC-445D-BCC9-E763E453B02B}.Debug|Any CPU.Build.0 = Debug|Any CPU
		{D68FB97B-E8EC-445D-BCC9-E763E453B02B}.Release|Any CPU.ActiveCfg = Release|Any CPU
		{D68FB97B-E8EC-445D-BCC9-E763E453B02B}.Release|Any CPU.Build.0 = Release|Any CPU
		{1CB2BD9C-1A36-40C2-B519-E935726AAD14}.Debug|Any CPU.ActiveCfg = Debug|Any CPU
		{1CB2BD9C-1A36-40C2-B519-E935726AAD14}.Debug|Any CPU.Build.0 = Debug|Any CPU
		{1CB2BD9C-1A36-40C2-B519-E935726AAD14}.Release|Any CPU.ActiveCfg = Release|Any CPU
		{1CB2BD9C-1A36-40C2-B519-E935726AAD14}.Release|Any CPU.Build.0 = Release|Any CPU
		{0F8DF7AB-3BA8-4E1D-92AA-89A2CD227405}.Debug|Any CPU.ActiveCfg = Debug|Any CPU
		{0F8DF7AB-3BA8-4E1D-92AA-89A2CD227405}.Debug|Any CPU.Build.0 = Debug|Any CPU
		{0F8DF7AB-3BA8-4E1D-92AA-89A2CD227405}.Release|Any CPU.ActiveCfg = Release|Any CPU
		{0F8DF7AB-3BA8-4E1D-92AA-89A2CD227405}.Release|Any CPU.Build.0 = Release|Any CPU
	EndGlobalSection
	GlobalSection(NestedProjects) = preSolution
		{D2A6E908-F8F1-4393-9598-732221461223} = {11C725B0-5994-4446-A82A-58FE79016A21}
		{1CB2BD9C-1A36-40C2-B519-E935726AAD14} = {11C725B0-5994-4446-A82A-58FE79016A21}
		{0F8DF7AB-3BA8-4E1D-92AA-89A2CD227405} = {11C725B0-5994-4446-A82A-58FE79016A21}
	EndGlobalSection
EndGlobal
